
Microsoft Visual Studio Solution File, Format Version 12.00
# Visual Studio Version 16
VisualStudioVersion = 16.0.32106.194
MinimumVisualStudioVersion = 10.0.40219.1
Project("{FAE04EC0-301F-11D3-BF4B-00C04F79EFBC}") = "Task1", "Task1\Task1.csproj", "{D37604A9-FEE3-438D-84B2-76D6BEB59F65}"
EndProject
Global
	GlobalSection(SolutionConfigurationPlatforms) = preSolution
		Debug|Any CPU = Debug|Any CPU
		Release|Any CPU = Release|Any CPU
	EndGlobalSection
	GlobalSection(ProjectConfigurationPlatforms) = postSolution
		{D37604A9-FEE3-438D-84B2-76D6BEB59F65}.Debug|Any CPU.ActiveCfg = Debug|Any CPU
		{D37604A9-FEE3-438D-84B2-76D6BEB59F65}.Debug|Any CPU.Build.0 = Debug|Any CPU
		{D37604A9-FEE3-438D-84B2-76D6BEB59F65}.Release|Any CPU.ActiveCfg = Release|Any CPU
		{D37604A9-FEE3-438D-84B2-76D6BEB59F65}.Release|Any CPU.Build.0 = Release|Any CPU
	EndGlobalSection
	GlobalSection(SolutionProperties) = preSolution
		HideSolutionNode = FALSE
	EndGlobalSection
	GlobalSection(ExtensibilityGlobals) = postSolution
		SolutionGuid = {0BEF9DD1-BAF6-499A-8D9C-5C86E327ACF4}
	EndGlobalSection
EndGlobal
